
Microsoft Visual Studio Solution File, Format Version 12.00
# Visual Studio Version 16
VisualStudioVersion = 16.0.31729.503
MinimumVisualStudioVersion = 10.0.40219.1
Project("{FAE04EC0-301F-11D3-BF4B-00C04F79EFBC}") = "WindowsFormsApp1", "WindowsFormsApp1\WindowsFormsApp1.csproj", "{56B5D5C1-3BB6-4618-BF67-0201F14BF1EE}"
EndProject
Global
	GlobalSection(SolutionConfigurationPlatforms) = preSolution
		Debug|Any CPU = Debug|Any CPU
		Release|Any CPU = Release|Any CPU
	EndGlobalSection
	GlobalSection(ProjectConfigurationPlatforms) = postSolution
		{56B5D5C1-3BB6-4618-BF67-0201F14BF1EE}.Debug|Any CPU.ActiveCfg = Debug|Any CPU
		{56B5D5C1-3BB6-4618-BF67-0201F14BF1EE}.Debug|Any CPU.Build.0 = Debug|Any CPU
		{56B5D5C1-3BB6-4618-BF67-0201F14BF1EE}.Release|Any CPU.ActiveCfg = Release|Any CPU
		{56B5D5C1-3BB6-4618-BF67-0201F14BF1EE}.Release|Any CPU.Build.0 = Release|Any CPU
	EndGlobalSection
	GlobalSection(SolutionProperties) = preSolution
		HideSolutionNode = FALSE
	EndGlobalSection
	GlobalSection(ExtensibilityGlobals) = postSolution
		SolutionGuid = {2913D592-6311-4249-9F33-D33AC503EF08}
	EndGlobalSection
EndGlobal
